
Microsoft Visual Studio Solution File, Format Version 12.00
# Visual Studio 15
VisualStudioVersion = 15.0.28307.1433
MinimumVisualStudioVersion = 10.0.40219.1
Project("{FAE04EC0-301F-11D3-BF4B-00C04F79EFBC}") = "WhatsTodaysMenu", "WhatsTodaysMenu\WhatsTodaysMenu.csproj", "{1AABAB00-7CC8-4F35-991A-2D05EEAC4AE7}"
EndProject
Global
	GlobalSection(SolutionConfigurationPlatforms) = preSolution
		Debug|Any CPU = Debug|Any CPU
		Release|Any CPU = Release|Any CPU
	EndGlobalSection
	GlobalSection(ProjectConfigurationPlatforms) = postSolution
		{1AABAB00-7CC8-4F35-991A-2D05EEAC4AE7}.Debug|Any CPU.ActiveCfg = Debug|Any CPU
		{1AABAB00-7CC8-4F35-991A-2D05EEAC4AE7}.Debug|Any CPU.Build.0 = Debug|Any CPU
		{1AABAB00-7CC8-4F35-991A-2D05EEAC4AE7}.Release|Any CPU.ActiveCfg = Release|Any CPU
		{1AABAB00-7CC8-4F35-991A-2D05EEAC4AE7}.Release|Any CPU.Build.0 = Release|Any CPU
	EndGlobalSection
	GlobalSection(SolutionProperties) = preSolution
		HideSolutionNode = FALSE
	EndGlobalSection
	GlobalSection(ExtensibilityGlobals) = postSolution
		SolutionGuid = {C8C64A34-E9F9-4E5B-B0E5-B8B4E31982E8}
	EndGlobalSection
EndGlobal
